
Microsoft Visual Studio Solution File, Format Version 12.00
# Visual Studio 14
VisualStudioVersion = 14.0.25123.0
MinimumVisualStudioVersion = 10.0.40219.1
Project("{FAE04EC0-301F-11D3-BF4B-00C04F79EFBC}") = "TestLib", "TestLib\TestLib.csproj", "{DE3710F7-80FD-402D-9CCE-CBE715A2E3EA}"
EndProject
Project("{FAE04EC0-301F-11D3-BF4B-00C04F79EFBC}") = "TestLibTest", "TestLibTest\TestLibTest.csproj", "{250F9630-919E-4B84-BD35-E03674EB2A5D}"
EndProject
Global
	GlobalSection(SolutionConfigurationPlatforms) = preSolution
		Debug|Any CPU = Debug|Any CPU
		Release|Any CPU = Release|Any CPU
	EndGlobalSection
	GlobalSection(ProjectConfigurationPlatforms) = postSolution
		{DE3710F7-80FD-402D-9CCE-CBE715A2E3EA}.Debug|Any CPU.ActiveCfg = Debug|Any CPU
		{DE3710F7-80FD-402D-9CCE-CBE715A2E3EA}.Debug|Any CPU.Build.0 = Debug|Any CPU
		{DE3710F7-80FD-402D-9CCE-CBE715A2E3EA}.Release|Any CPU.ActiveCfg = Release|Any CPU
		{DE3710F7-80FD-402D-9CCE-CBE715A2E3EA}.Release|Any CPU.Build.0 = Release|Any CPU
		{250F9630-919E-4B84-BD35-E03674EB2A5D}.Debug|Any CPU.ActiveCfg = Debug|Any CPU
		{250F9630-919E-4B84-BD35-E03674EB2A5D}.Debug|Any CPU.Build.0 = Debug|Any CPU
		{250F9630-919E-4B84-BD35-E03674EB2A5D}.Release|Any CPU.ActiveCfg = Release|Any CPU
		{250F9630-919E-4B84-BD35-E03674EB2A5D}.Release|Any CPU.Build.0 = Release|Any CPU
	EndGlobalSection
	GlobalSection(SolutionProperties) = preSolution
		HideSolutionNode = FALSE
	EndGlobalSection
EndGlobal
